
Microsoft Visual Studio Solution File, Format Version 12.00
# Visual Studio 15
VisualStudioVersion = 15.0.27130.2036
MinimumVisualStudioVersion = 10.0.40219.1
Project("{FAE04EC0-301F-11D3-BF4B-00C04F79EFBC}") = "UIVSC03A", "UIVSC03A\UIVSC03A.csproj", "{AFD9791E-1D83-4142-82A6-C0F429D655AB}"
EndProject
Global
	GlobalSection(SolutionConfigurationPlatforms) = preSolution
		Debug|Any CPU = Debug|Any CPU
		Release|Any CPU = Release|Any CPU
	EndGlobalSection
	GlobalSection(ProjectConfigurationPlatforms) = postSolution
		{AFD9791E-1D83-4142-82A6-C0F429D655AB}.Debug|Any CPU.ActiveCfg = Debug|Any CPU
		{AFD9791E-1D83-4142-82A6-C0F429D655AB}.Debug|Any CPU.Build.0 = Debug|Any CPU
		{AFD9791E-1D83-4142-82A6-C0F429D655AB}.Release|Any CPU.ActiveCfg = Release|Any CPU
		{AFD9791E-1D83-4142-82A6-C0F429D655AB}.Release|Any CPU.Build.0 = Release|Any CPU
	EndGlobalSection
	GlobalSection(SolutionProperties) = preSolution
		HideSolutionNode = FALSE
	EndGlobalSection
	GlobalSection(ExtensibilityGlobals) = postSolution
		SolutionGuid = {F0721274-70AB-41B0-9C97-98F7ECF245A7}
	EndGlobalSection
EndGlobal
